{
  "name": "workplace-wellbeing-briefing",
  "version": "1.0.0",
  "lockfileVersion": 2,
  "requires": true,
  "packages": {
    "": {
      "name": "workplace-wellbeing-briefing",
      "version": "1.0.0",
      "dependencies": {
        "nodemailer": "^9.0.3"
      },
      "engines": {
        "node": ">=18"
      }
    },
    "node_modules/nodemailer": {
      "version": "9.0.3",
      "resolved": "https://registry.npmjs.org/nodemailer/-/nodemailer-9.0.3.tgz",
      "integrity": "sha512-n+YP+NKwR5zRWa60k3GiQ6Q3B4KXCoAw40dAKeCtYn020iNN74aWK2liXIC3ZEATeGql7we3tE3t8QwhY0eskw==",
      "engines": {
        "node": ">=6.0.0"
      }
    }
  },
  "dependencies": {
    "nodemailer": {
      "version": "9.0.3",
      "resolved": "https://registry.npmjs.org/nodemailer/-/nodemailer-9.0.3.tgz",
      "integrity": "sha512-n+YP+NKwR5zRWa60k3GiQ6Q3B4KXCoAw40dAKeCtYn020iNN74aWK2liXIC3ZEATeGql7we3tE3t8QwhY0eskw=="
    }
  }
}
